{
  "name": "austral",
  "version": "1.0.0",
  "lockfileVersion": 2,
  "requires": true,
  "packages": {
    "": {
      "name": "austral",
      "version": "1.0.0",
      "license": "ISC",
      "devDependencies": {
        "lite-server": "^2.6.1"
      }
    },
    "node_modules/browser-sync": {
      "dev": true
    },
    "node_modules/connect-history-api-fallback": {
      "version": "1.6.0",
      "dev": true,
      "license": "MIT",
      "engines": {
        "node": ">=0.8"
      }
    },
    "node_modules/connect-logger": {
      "version": "0.0.1",
      "dev": true,
      "license": "MIT",
      "dependencies": {
        "moment": "*"
      }
    },
    "node_modules/lite-server": {
      "version": "2.6.1",
      "dev": true,
      "license": "MIT",
      "dependencies": {
        "browser-sync": "^2.26.13",
        "connect-history-api-fallback": "^1.6.0",
        "connect-logger": "^0.0.1",
        "lodash": "^4.17.20",
        "minimist": "^1.2.5"
      },
      "bin": {
        "lite-server": "bin/lite-server"
      }
    },
    "node_modules/lodash": {
      "dev": true
    },
    "node_modules/minimist": {
      "dev": true
    },
    "node_modules/moment": {
      "dev": true
    }
  },
  "dependencies": {
    "browser-sync": {
      "dev": true
    },
    "connect-history-api-fallback": {
      "version": "1.6.0",
      "dev": true
    },
    "connect-logger": {
      "version": "0.0.1",
      "dev": true,
      "requires": {
        "moment": "*"
      }
    },
    "lite-server": {
      "version": "2.6.1",
      "dev": true,
      "requires": {
        "browser-sync": "^2.26.13",
        "connect-history-api-fallback": "^1.6.0",
        "connect-logger": "^0.0.1",
        "lodash": "^4.17.20",
        "minimist": "^1.2.5"
      }
    },
    "lodash": {
      "dev": true
    },
    "minimist": {
      "dev": true
    },
    "moment": {
      "dev": true
    }
  }
}
